
Microsoft Visual Studio Solution File, Format Version 12.00
# Visual Studio 15
VisualStudioVersion = 15.0.27428.2037
MinimumVisualStudioVersion = 10.0.40219.1
Project("{FAE04EC0-301F-11D3-BF4B-00C04F79EFBC}") = "EncryptWord", "EncryptWord\EncryptWord.csproj", "{A09C7618-AF6B-4293-9B35-C3448D24C64D}"
EndProject
Global
	GlobalSection(SolutionConfigurationPlatforms) = preSolution
		Debug|Any CPU = Debug|Any CPU
		Release|Any CPU = Release|Any CPU
	EndGlobalSection
	GlobalSection(ProjectConfigurationPlatforms) = postSolution
		{A09C7618-AF6B-4293-9B35-C3448D24C64D}.Debug|Any CPU.ActiveCfg = Debug|Any CPU
		{A09C7618-AF6B-4293-9B35-C3448D24C64D}.Debug|Any CPU.Build.0 = Debug|Any CPU
		{A09C7618-AF6B-4293-9B35-C3448D24C64D}.Release|Any CPU.ActiveCfg = Release|Any CPU
		{A09C7618-AF6B-4293-9B35-C3448D24C64D}.Release|Any CPU.Build.0 = Release|Any CPU
	EndGlobalSection
	GlobalSection(SolutionProperties) = preSolution
		HideSolutionNode = FALSE
	EndGlobalSection
	GlobalSection(ExtensibilityGlobals) = postSolution
		SolutionGuid = {31C34A44-0AA0-4735-9639-485F776DA99C}
	EndGlobalSection
EndGlobal
